
Microsoft Visual Studio Solution File, Format Version 12.00
# Visual Studio Version 16
VisualStudioVersion = 16.0.31313.79
MinimumVisualStudioVersion = 10.0.40219.1
Project("{FAE04EC0-301F-11D3-BF4B-00C04F79EFBC}") = "JenkinsTest", "JenkinsTest\JenkinsTest.csproj", "{EE9D0B88-5252-49B5-983E-0DB462E938B1}"
EndProject
Global
	GlobalSection(SolutionConfigurationPlatforms) = preSolution
		Debug|Any CPU = Debug|Any CPU
		Release|Any CPU = Release|Any CPU
	EndGlobalSection
	GlobalSection(ProjectConfigurationPlatforms) = postSolution
		{EE9D0B88-5252-49B5-983E-0DB462E938B1}.Debug|Any CPU.ActiveCfg = Debug|Any CPU
		{EE9D0B88-5252-49B5-983E-0DB462E938B1}.Debug|Any CPU.Build.0 = Debug|Any CPU
		{EE9D0B88-5252-49B5-983E-0DB462E938B1}.Release|Any CPU.ActiveCfg = Release|Any CPU
		{EE9D0B88-5252-49B5-983E-0DB462E938B1}.Release|Any CPU.Build.0 = Release|Any CPU
	EndGlobalSection
	GlobalSection(SolutionProperties) = preSolution
		HideSolutionNode = FALSE
	EndGlobalSection
	GlobalSection(ExtensibilityGlobals) = postSolution
		SolutionGuid = {B0C1BF54-F350-42D4-A7F7-08EF464BAC5F}
	EndGlobalSection
EndGlobal
